
Microsoft Visual Studio Solution File, Format Version 12.00
# Visual Studio 15
VisualStudioVersion = 15.0.28307.960
MinimumVisualStudioVersion = 10.0.40219.1
Project("{2150E333-8FDC-42A3-9474-1A3956D46DE8}") = "Business", "Business", "{555D5549-DADB-41C9-A0E7-45C62AEEBE44}"
EndProject
Project("{2150E333-8FDC-42A3-9474-1A3956D46DE8}") = "Data", "Data", "{70841D80-3D39-4B36-88EB-C1EF65E65BC5}"
EndProject
Project("{2150E333-8FDC-42A3-9474-1A3956D46DE8}") = "Hosts", "Hosts", "{22C2A7F9-5AAD-49AB-9A10-27E19046A23A}"
EndProject
Project("{2150E333-8FDC-42A3-9474-1A3956D46DE8}") = "Presentation", "Presentation", "{A3A713E0-AA63-4ABF-8ABB-788EDF6A499C}"
EndProject
Project("{2150E333-8FDC-42A3-9474-1A3956D46DE8}") = "Services", "Services", "{289D16A9-F6C6-45FA-8E11-93B4A7B984C2}"
EndProject
Project("{2150E333-8FDC-42A3-9474-1A3956D46DE8}") = "Shared", "Shared", "{5B12DA28-4107-462D-9DE8-C0B852F7146F}"
EndProject
Project("{FAE04EC0-301F-11D3-BF4B-00C04F79EFBC}") = "JDR.Generic.Business", "JDR.Generic.Business\JDR.Generic.Business.csproj", "{C373C6D9-66A6-41F4-9F97-CA902B49C7FC}"
EndProject
Project("{FAE04EC0-301F-11D3-BF4B-00C04F79EFBC}") = "JDR.Generic.Data", "JDR.Generic.Data\JDR.Generic.Data.csproj", "{5C668D8F-7766-40C3-9734-9F00C8F325A6}"
EndProject
Project("{FAE04EC0-301F-11D3-BF4B-00C04F79EFBC}") = "JDR.Generic.UI.Process", "JDR.Generic.UI.Process\JDR.Generic.UI.Process.csproj", "{140F0269-F323-4277-B699-CA259B59D3B6}"
EndProject
Project("{FAE04EC0-301F-11D3-BF4B-00C04F79EFBC}") = "JDR.Generic.Services", "JDR.Generic.Services\JDR.Generic.Services.csproj", "{EDC8E111-8F4A-461E-984E-A54766022D42}"
EndProject
Project("{FAE04EC0-301F-11D3-BF4B-00C04F79EFBC}") = "JDR.Generic.Services.Contracts", "JDR.Generic.Services.Contracts\JDR.Generic.Services.Contracts.csproj", "{C7DA0A9A-0FA2-4535-AA76-3B8608B15190}"
EndProject
Project("{FAE04EC0-301F-11D3-BF4B-00C04F79EFBC}") = "JDR.Generic.Services.Http", "JDR.Generic.Services.Http\JDR.Generic.Services.Http.csproj", "{E64C8581-6E1F-4065-8B49-A7A8DD343CFF}"
EndProject
Project("{FAE04EC0-301F-11D3-BF4B-00C04F79EFBC}") = "JDR.Generic.Entities", "JDR.Generic.Entities\JDR.Generic.Entities.csproj", "{0BBB7967-A5EC-4FC0-BE56-49111985A194}"
EndProject
Project("{FAE04EC0-301F-11D3-BF4B-00C04F79EFBC}") = "JDR.Generic.Hosts.Web", "JDR.Generic.Hosts.Web\JDR.Generic.Hosts.Web.csproj", "{7159857F-7980-473A-AEB1-365AF942B33B}"
EndProject
Project("{FAE04EC0-301F-11D3-BF4B-00C04F79EFBC}") = "JDR.Generic.Domain", "JDR.Generic.Domain\JDR.Generic.Domain.csproj", "{E32A4379-C5A4-47E8-96E7-4FAC0335B201}"
EndProject
Project("{FAE04EC0-301F-11D3-BF4B-00C04F79EFBC}") = "JDR.Generic.UI.Web", "WebApplication1\JDR.Generic.UI.Web.csproj", "{7AD3938B-6A41-40FC-8C33-E5E7B915D49B}"
EndProject
Global
	GlobalSection(SolutionConfigurationPlatforms) = preSolution
		Debug|Any CPU = Debug|Any CPU
		Release|Any CPU = Release|Any CPU
	EndGlobalSection
	GlobalSection(ProjectConfigurationPlatforms) = postSolution
		{C373C6D9-66A6-41F4-9F97-CA902B49C7FC}.Debug|Any CPU.ActiveCfg = Debug|Any CPU
		{C373C6D9-66A6-41F4-9F97-CA902B49C7FC}.Debug|Any CPU.Build.0 = Debug|Any CPU
		{C373C6D9-66A6-41F4-9F97-CA902B49C7FC}.Release|Any CPU.ActiveCfg = Release|Any CPU
		{C373C6D9-66A6-41F4-9F97-CA902B49C7FC}.Release|Any CPU.Build.0 = Release|Any CPU
		{5C668D8F-7766-40C3-9734-9F00C8F325A6}.Debug|Any CPU.ActiveCfg = Debug|Any CPU
		{5C668D8F-7766-40C3-9734-9F00C8F325A6}.Debug|Any CPU.Build.0 = Debug|Any CPU
		{5C668D8F-7766-40C3-9734-9F00C8F325A6}.Release|Any CPU.ActiveCfg = Release|Any CPU
		{5C668D8F-7766-40C3-9734-9F00C8F325A6}.Release|Any CPU.Build.0 = Release|Any CPU
		{140F0269-F323-4277-B699-CA259B59D3B6}.Debug|Any CPU.ActiveCfg = Debug|Any CPU
		{140F0269-F323-4277-B699-CA259B59D3B6}.Debug|Any CPU.Build.0 = Debug|Any CPU
		{140F0269-F323-4277-B699-CA259B59D3B6}.Release|Any CPU.ActiveCfg = Release|Any CPU
		{140F0269-F323-4277-B699-CA259B59D3B6}.Release|Any CPU.Build.0 = Release|Any CPU
		{EDC8E111-8F4A-461E-984E-A54766022D42}.Debug|Any CPU.ActiveCfg = Debug|Any CPU
		{EDC8E111-8F4A-461E-984E-A54766022D42}.Debug|Any CPU.Build.0 = Debug|Any CPU
		{EDC8E111-8F4A-461E-984E-A54766022D42}.Release|Any CPU.ActiveCfg = Release|Any CPU
		{EDC8E111-8F4A-461E-984E-A54766022D42}.Release|Any CPU.Build.0 = Release|Any CPU
		{C7DA0A9A-0FA2-4535-AA76-3B8608B15190}.Debug|Any CPU.ActiveCfg = Debug|Any CPU
		{C7DA0A9A-0FA2-4535-AA76-3B8608B15190}.Debug|Any CPU.Build.0 = Debug|Any CPU
		{C7DA0A9A-0FA2-4535-AA76-3B8608B15190}.Release|Any CPU.ActiveCfg = Release|Any CPU
		{C7DA0A9A-0FA2-4535-AA76-3B8608B15190}.Release|Any CPU.Build.0 = Release|Any CPU
		{E64C8581-6E1F-4065-8B49-A7A8DD343CFF}.Debug|Any CPU.ActiveCfg = Debug|Any CPU
		{E64C8581-6E1F-4065-8B49-A7A8DD343CFF}.Debug|Any CPU.Build.0 = Debug|Any CPU
		{E64C8581-6E1F-4065-8B49-A7A8DD343CFF}.Release|Any CPU.ActiveCfg = Release|Any CPU
		{E64C8581-6E1F-4065-8B49-A7A8DD343CFF}.Release|Any CPU.Build.0 = Release|Any CPU
		{0BBB7967-A5EC-4FC0-BE56-49111985A194}.Debug|Any CPU.ActiveCfg = Debug|Any CPU
		{0BBB7967-A5EC-4FC0-BE56-49111985A194}.Debug|Any CPU.Build.0 = Debug|Any CPU
		{0BBB7967-A5EC-4FC0-BE56-49111985A194}.Release|Any CPU.ActiveCfg = Release|Any CPU
		{0BBB7967-A5EC-4FC0-BE56-49111985A194}.Release|Any CPU.Build.0 = Release|Any CPU
		{7159857F-7980-473A-AEB1-365AF942B33B}.Debug|Any CPU.ActiveCfg = Debug|Any CPU
		{7159857F-7980-473A-AEB1-365AF942B33B}.Debug|Any CPU.Build.0 = Debug|Any CPU
		{7159857F-7980-473A-AEB1-365AF942B33B}.Release|Any CPU.ActiveCfg = Release|Any CPU
		{7159857F-7980-473A-AEB1-365AF942B33B}.Release|Any CPU.Build.0 = Release|Any CPU
		{E32A4379-C5A4-47E8-96E7-4FAC0335B201}.Debug|Any CPU.ActiveCfg = Debug|Any CPU
		{E32A4379-C5A4-47E8-96E7-4FAC0335B201}.Debug|Any CPU.Build.0 = Debug|Any CPU
		{E32A4379-C5A4-47E8-96E7-4FAC0335B201}.Release|Any CPU.ActiveCfg = Release|Any CPU
		{E32A4379-C5A4-47E8-96E7-4FAC0335B201}.Release|Any CPU.Build.0 = Release|Any CPU
		{7AD3938B-6A41-40FC-8C33-E5E7B915D49B}.Debug|Any CPU.ActiveCfg = Debug|Any CPU
		{7AD3938B-6A41-40FC-8C33-E5E7B915D49B}.Debug|Any CPU.Build.0 = Debug|Any CPU
		{7AD3938B-6A41-40FC-8C33-E5E7B915D49B}.Release|Any CPU.ActiveCfg = Release|Any CPU
		{7AD3938B-6A41-40FC-8C33-E5E7B915D49B}.Release|Any CPU.Build.0 = Release|Any CPU
	EndGlobalSection
	GlobalSection(SolutionProperties) = preSolution
		HideSolutionNode = FALSE
	EndGlobalSection
	GlobalSection(NestedProjects) = preSolution
		{C373C6D9-66A6-41F4-9F97-CA902B49C7FC} = {555D5549-DADB-41C9-A0E7-45C62AEEBE44}
		{5C668D8F-7766-40C3-9734-9F00C8F325A6} = {70841D80-3D39-4B36-88EB-C1EF65E65BC5}
		{140F0269-F323-4277-B699-CA259B59D3B6} = {A3A713E0-AA63-4ABF-8ABB-788EDF6A499C}
		{EDC8E111-8F4A-461E-984E-A54766022D42} = {289D16A9-F6C6-45FA-8E11-93B4A7B984C2}
		{C7DA0A9A-0FA2-4535-AA76-3B8608B15190} = {289D16A9-F6C6-45FA-8E11-93B4A7B984C2}
		{E64C8581-6E1F-4065-8B49-A7A8DD343CFF} = {289D16A9-F6C6-45FA-8E11-93B4A7B984C2}
		{0BBB7967-A5EC-4FC0-BE56-49111985A194} = {5B12DA28-4107-462D-9DE8-C0B852F7146F}
		{7159857F-7980-473A-AEB1-365AF942B33B} = {22C2A7F9-5AAD-49AB-9A10-27E19046A23A}
		{E32A4379-C5A4-47E8-96E7-4FAC0335B201} = {5B12DA28-4107-462D-9DE8-C0B852F7146F}
		{7AD3938B-6A41-40FC-8C33-E5E7B915D49B} = {A3A713E0-AA63-4ABF-8ABB-788EDF6A499C}
	EndGlobalSection
	GlobalSection(ExtensibilityGlobals) = postSolution
		EnterpriseLibraryConfigurationToolBinariesPathV6 = packages\EnterpriseLibrary.Common.6.0.1304.0\lib\NET45;packages\EnterpriseLibrary.Data.6.0.1304.0\lib\NET45
		SolutionGuid = {56358EFF-71A2-40FC-AED3-94965D1914E5}
	EndGlobalSection
EndGlobal
